// !$*UTF8*$!
{
	archiveVersion = 1;
	classes = {
	};
	objectVersion = 46;
	objects = {

/* Begin PBXBuildFile section */
		3A807DDC1BF50B5E0083685D /* Iris.framework in Frameworks */ = {isa = PBXBuildFile; fileRef = 3A807DD21BF50B5E0083685D /* Iris.framework */; };
		3A807DF81BF50B6A0083685D /* Iris.framework in Frameworks */ = {isa = PBXBuildFile; fileRef = 3A807DEE1BF50B690083685D /* Iris.framework */; };
		3A807E0F1BF50C350083685D /* Iris.h in Headers */ = {isa = PBXBuildFile; fileRef = 3A807E0E1BF50C030083685D /* Iris.h */; settings = {ATTRIBUTES = (Public, ); }; };
		3A807E121BF50C4A0083685D /* ImageOptions.swift in Sources */ = {isa = PBXBuildFile; fileRef = 4E76DD711BF39E3A008D2FF3 /* ImageOptions.swift */; };
		3A807E131BF50C4A0083685D /* SigningOptions.swift in Sources */ = {isa = PBXBuildFile; fileRef = 4E76DD731BF3A042008D2FF3 /* SigningOptions.swift */; };
		3A807E141BF50C4A0083685D /* NSURL+Iris.swift in Sources */ = {isa = PBXBuildFile; fileRef = 4E76DD751BF3A10E008D2FF3 /* NSURL+Iris.swift */; };
		3A807E151BF50C4A0083685D /* NSString+MD5.m in Sources */ = {isa = PBXBuildFile; fileRef = 4E76DD7A1BF3A361008D2FF3 /* NSString+MD5.m */; };
		3A807E171BF50C4B0083685D /* ImageOptions.swift in Sources */ = {isa = PBXBuildFile; fileRef = 4E76DD711BF39E3A008D2FF3 /* ImageOptions.swift */; };
		3A807E181BF50C4B0083685D /* SigningOptions.swift in Sources */ = {isa = PBXBuildFile; fileRef = 4E76DD731BF3A042008D2FF3 /* SigningOptions.swift */; };
		3A807E191BF50C4B0083685D /* NSURL+Iris.swift in Sources */ = {isa = PBXBuildFile; fileRef = 4E76DD751BF3A10E008D2FF3 /* NSURL+Iris.swift */; };
		3A807E1A1BF50C4B0083685D /* NSString+MD5.m in Sources */ = {isa = PBXBuildFile; fileRef = 4E76DD7A1BF3A361008D2FF3 /* NSString+MD5.m */; };
		3A807E1B1BF50C4F0083685D /* NSString+MD5.h in Headers */ = {isa = PBXBuildFile; fileRef = 4E76DD791BF3A361008D2FF3 /* NSString+MD5.h */; settings = {ATTRIBUTES = (Public, ); }; };
		3A807E1C1BF50C500083685D /* NSString+MD5.h in Headers */ = {isa = PBXBuildFile; fileRef = 4E76DD791BF3A361008D2FF3 /* NSString+MD5.h */; settings = {ATTRIBUTES = (Public, ); }; };
		3A807E1D1BF50C570083685D /* ImgixURLTests.swift in Sources */ = {isa = PBXBuildFile; fileRef = 4E76DD841BF4E319008D2FF3 /* ImgixURLTests.swift */; };
		3A807E1E1BF50C570083685D /* ImageOptionsTests.swift in Sources */ = {isa = PBXBuildFile; fileRef = 4E76DD821BF4E2B8008D2FF3 /* ImageOptionsTests.swift */; };
		3A807E1F1BF50C570083685D /* SigningOptionsTests.swift in Sources */ = {isa = PBXBuildFile; fileRef = 4E0E1B181BF507B7002943D0 /* SigningOptionsTests.swift */; };
		3A807E201BF50C580083685D /* ImgixURLTests.swift in Sources */ = {isa = PBXBuildFile; fileRef = 4E76DD841BF4E319008D2FF3 /* ImgixURLTests.swift */; };
		3A807E211BF50C580083685D /* ImageOptionsTests.swift in Sources */ = {isa = PBXBuildFile; fileRef = 4E76DD821BF4E2B8008D2FF3 /* ImageOptionsTests.swift */; };
		3A807E221BF50C580083685D /* SigningOptionsTests.swift in Sources */ = {isa = PBXBuildFile; fileRef = 4E0E1B181BF507B7002943D0 /* SigningOptionsTests.swift */; };
		3A807E231BF50CF10083685D /* Iris.h in Headers */ = {isa = PBXBuildFile; fileRef = 3A807E0B1BF50C030083685D /* Iris.h */; settings = {ATTRIBUTES = (Public, ); }; };
		3B074B7E1E4000E400273EDC /* NSColor.swift in Sources */ = {isa = PBXBuildFile; fileRef = 3B4FBD691E2535DC00042254 /* NSColor.swift */; };
		3B074B7F1E4000E500273EDC /* NSColor.swift in Sources */ = {isa = PBXBuildFile; fileRef = 3B4FBD691E2535DC00042254 /* NSColor.swift */; };
		3B4FBD631E25343500042254 /* UIColor.swift in Sources */ = {isa = PBXBuildFile; fileRef = 3B4FBD621E25343500042254 /* UIColor.swift */; };
		3B4FBD641E25343500042254 /* UIColor.swift in Sources */ = {isa = PBXBuildFile; fileRef = 3B4FBD621E25343500042254 /* UIColor.swift */; };
		3B4FBD6A1E2535DC00042254 /* NSColor.swift in Sources */ = {isa = PBXBuildFile; fileRef = 3B4FBD691E2535DC00042254 /* NSColor.swift */; };
		3B4FBD6C1E25404D00042254 /* Deprecated.swift in Sources */ = {isa = PBXBuildFile; fileRef = 3B4FBD6B1E25404D00042254 /* Deprecated.swift */; };
		3B4FBD6D1E25404D00042254 /* Deprecated.swift in Sources */ = {isa = PBXBuildFile; fileRef = 3B4FBD6B1E25404D00042254 /* Deprecated.swift */; };
		3B4FBD6E1E25404D00042254 /* Deprecated.swift in Sources */ = {isa = PBXBuildFile; fileRef = 3B4FBD6B1E25404D00042254 /* Deprecated.swift */; };
		3BAC16021DB91250007A9CDD /* Comparable.swift in Sources */ = {isa = PBXBuildFile; fileRef = 3BB8CBC21DB8112F001496EB /* Comparable.swift */; };
		3BAC16031DB91250007A9CDD /* Comparable.swift in Sources */ = {isa = PBXBuildFile; fileRef = 3BB8CBC21DB8112F001496EB /* Comparable.swift */; };
		3BB8CBC31DB8112F001496EB /* Comparable.swift in Sources */ = {isa = PBXBuildFile; fileRef = 3BB8CBC21DB8112F001496EB /* Comparable.swift */; };
		4E0E1B1A1BF507D5002943D0 /* SigningOptionsTests.swift in Sources */ = {isa = PBXBuildFile; fileRef = 4E0E1B181BF507B7002943D0 /* SigningOptionsTests.swift */; };
		4E76DD551BF392B3008D2FF3 /* Iris.h in Headers */ = {isa = PBXBuildFile; fileRef = 4E76DD541BF392B3008D2FF3 /* Iris.h */; settings = {ATTRIBUTES = (Public, ); }; };
		4E76DD5C1BF392B3008D2FF3 /* Iris.framework in Frameworks */ = {isa = PBXBuildFile; fileRef = 4E76DD511BF392B3008D2FF3 /* Iris.framework */; };
		4E76DD721BF39E3A008D2FF3 /* ImageOptions.swift in Sources */ = {isa = PBXBuildFile; fileRef = 4E76DD711BF39E3A008D2FF3 /* ImageOptions.swift */; };
		4E76DD741BF3A042008D2FF3 /* SigningOptions.swift in Sources */ = {isa = PBXBuildFile; fileRef = 4E76DD731BF3A042008D2FF3 /* SigningOptions.swift */; };
		4E76DD761BF3A10E008D2FF3 /* NSURL+Iris.swift in Sources */ = {isa = PBXBuildFile; fileRef = 4E76DD751BF3A10E008D2FF3 /* NSURL+Iris.swift */; };
		4E76DD7B1BF3A361008D2FF3 /* NSString+MD5.h in Headers */ = {isa = PBXBuildFile; fileRef = 4E76DD791BF3A361008D2FF3 /* NSString+MD5.h */; settings = {ATTRIBUTES = (Public, ); }; };
		4E76DD7C1BF3A361008D2FF3 /* NSString+MD5.m in Sources */ = {isa = PBXBuildFile; fileRef = 4E76DD7A1BF3A361008D2FF3 /* NSString+MD5.m */; };
		4E76DD831BF4E2B8008D2FF3 /* ImageOptionsTests.swift in Sources */ = {isa = PBXBuildFile; fileRef = 4E76DD821BF4E2B8008D2FF3 /* ImageOptionsTests.swift */; };
		4E76DD851BF4E319008D2FF3 /* ImgixURLTests.swift in Sources */ = {isa = PBXBuildFile; fileRef = 4E76DD841BF4E319008D2FF3 /* ImgixURLTests.swift */; };
		4EB6DF271E3FE6980090B4D9 /* ImageOptionKey.swift in Sources */ = {isa = PBXBuildFile; fileRef = 4EB6DF261E3FE6980090B4D9 /* ImageOptionKey.swift */; };
		4EB6DF281E3FE6980090B4D9 /* ImageOptionKey.swift in Sources */ = {isa = PBXBuildFile; fileRef = 4EB6DF261E3FE6980090B4D9 /* ImageOptionKey.swift */; };
		4EB6DF291E3FE6980090B4D9 /* ImageOptionKey.swift in Sources */ = {isa = PBXBuildFile; fileRef = 4EB6DF261E3FE6980090B4D9 /* ImageOptionKey.swift */; };
/* End PBXBuildFile section */

/* Begin PBXContainerItemProxy section */
		3A807DDD1BF50B5E0083685D /* PBXContainerItemProxy */ = {
			isa = PBXContainerItemProxy;
			containerPortal = 4E76DD481BF392B3008D2FF3 /* Project object */;
			proxyType = 1;
			remoteGlobalIDString = 3A807DD11BF50B5E0083685D;
			remoteInfo = "Iris tvOS";
		};
		3A807DF91BF50B6A0083685D /* PBXContainerItemProxy */ = {
			isa = PBXContainerItemProxy;
			containerPortal = 4E76DD481BF392B3008D2FF3 /* Project object */;
			proxyType = 1;
			remoteGlobalIDString = 3A807DED1BF50B690083685D;
			remoteInfo = "Iris macOS";
		};
		4E76DD5D1BF392B3008D2FF3 /* PBXContainerItemProxy */ = {
			isa = PBXContainerItemProxy;
			containerPortal = 4E76DD481BF392B3008D2FF3 /* Project object */;
			proxyType = 1;
			remoteGlobalIDString = 4E76DD501BF392B3008D2FF3;
			remoteInfo = Iris;
		};
/* End PBXContainerItemProxy section */

/* Begin PBXFileReference section */
		3A807DD21BF50B5E0083685D /* Iris.framework */ = {isa = PBXFileReference; explicitFileType = wrapper.framework; includeInIndex = 0; path = Iris.framework; sourceTree = BUILT_PRODUCTS_DIR; };
		3A807DDB1BF50B5E0083685D /* Iris-tvOS-Tests.xctest */ = {isa = PBXFileReference; explicitFileType = wrapper.cfbundle; includeInIndex = 0; path = "Iris-tvOS-Tests.xctest"; sourceTree = BUILT_PRODUCTS_DIR; };
		3A807DEE1BF50B690083685D /* Iris.framework */ = {isa = PBXFileReference; explicitFileType = wrapper.framework; includeInIndex = 0; path = Iris.framework; sourceTree = BUILT_PRODUCTS_DIR; };
		3A807DF71BF50B6A0083685D /* Iris-macOS-Tests.xctest */ = {isa = PBXFileReference; explicitFileType = wrapper.cfbundle; includeInIndex = 0; path = "Iris-macOS-Tests.xctest"; sourceTree = BUILT_PRODUCTS_DIR; };
		3A807E061BF50BE30083685D /* Info.plist */ = {isa = PBXFileReference; lastKnownFileType = text.plist.xml; path = Info.plist; sourceTree = "<group>"; };
		3A807E081BF50BEB0083685D /* Info.plist */ = {isa = PBXFileReference; lastKnownFileType = text.plist.xml; path = Info.plist; sourceTree = "<group>"; };
		3A807E0A1BF50C030083685D /* Info.plist */ = {isa = PBXFileReference; lastKnownFileType = text.plist.xml; path = Info.plist; sourceTree = "<group>"; };
		3A807E0B1BF50C030083685D /* Iris.h */ = {isa = PBXFileReference; lastKnownFileType = sourcecode.c.h; path = Iris.h; sourceTree = "<group>"; };
		3A807E0D1BF50C030083685D /* Info.plist */ = {isa = PBXFileReference; lastKnownFileType = text.plist.xml; path = Info.plist; sourceTree = "<group>"; };
		3A807E0E1BF50C030083685D /* Iris.h */ = {isa = PBXFileReference; lastKnownFileType = sourcecode.c.h; path = Iris.h; sourceTree = "<group>"; };
		3B4FBD621E25343500042254 /* UIColor.swift */ = {isa = PBXFileReference; fileEncoding = 4; lastKnownFileType = sourcecode.swift; path = UIColor.swift; sourceTree = "<group>"; };
		3B4FBD691E2535DC00042254 /* NSColor.swift */ = {isa = PBXFileReference; fileEncoding = 4; lastKnownFileType = sourcecode.swift; path = NSColor.swift; sourceTree = "<group>"; };
		3B4FBD6B1E25404D00042254 /* Deprecated.swift */ = {isa = PBXFileReference; fileEncoding = 4; lastKnownFileType = sourcecode.swift; path = Deprecated.swift; sourceTree = "<group>"; };
		3BB8CBC21DB8112F001496EB /* Comparable.swift */ = {isa = PBXFileReference; fileEncoding = 4; lastKnownFileType = sourcecode.swift; path = Comparable.swift; sourceTree = "<group>"; };
		4E0E1B181BF507B7002943D0 /* SigningOptionsTests.swift */ = {isa = PBXFileReference; fileEncoding = 4; lastKnownFileType = sourcecode.swift; path = SigningOptionsTests.swift; sourceTree = "<group>"; };
		4E71BDA61CA9A6E000725B30 /* .gitignore */ = {isa = PBXFileReference; lastKnownFileType = text; path = .gitignore; sourceTree = "<group>"; };
		4E71BDA81CA9A6E000725B30 /* Common.xcconfig */ = {isa = PBXFileReference; lastKnownFileType = text.xcconfig; path = Common.xcconfig; sourceTree = "<group>"; };
		4E71BDAA1CA9A6E000725B30 /* Debug.xcconfig */ = {isa = PBXFileReference; lastKnownFileType = text.xcconfig; path = Debug.xcconfig; sourceTree = "<group>"; };
		4E71BDAB1CA9A6E000725B30 /* Profile.xcconfig */ = {isa = PBXFileReference; lastKnownFileType = text.xcconfig; path = Profile.xcconfig; sourceTree = "<group>"; };
		4E71BDAC1CA9A6E000725B30 /* Release.xcconfig */ = {isa = PBXFileReference; lastKnownFileType = text.xcconfig; path = Release.xcconfig; sourceTree = "<group>"; };
		4E71BDAD1CA9A6E000725B30 /* Test.xcconfig */ = {isa = PBXFileReference; lastKnownFileType = text.xcconfig; path = Test.xcconfig; sourceTree = "<group>"; };
		4E71BDAF1CA9A6E000725B30 /* Application.xcconfig */ = {isa = PBXFileReference; lastKnownFileType = text.xcconfig; path = Application.xcconfig; sourceTree = "<group>"; };
		4E71BDB01CA9A6E000725B30 /* Framework.xcconfig */ = {isa = PBXFileReference; lastKnownFileType = text.xcconfig; path = Framework.xcconfig; sourceTree = "<group>"; };
		4E71BDB11CA9A6E000725B30 /* StaticLibrary.xcconfig */ = {isa = PBXFileReference; lastKnownFileType = text.xcconfig; path = StaticLibrary.xcconfig; sourceTree = "<group>"; };
		4E71BDB51CA9A6E000725B30 /* iOS-Application.xcconfig */ = {isa = PBXFileReference; lastKnownFileType = text.xcconfig; path = "iOS-Application.xcconfig"; sourceTree = "<group>"; };
		4E71BDB61CA9A6E000725B30 /* iOS-Base.xcconfig */ = {isa = PBXFileReference; lastKnownFileType = text.xcconfig; path = "iOS-Base.xcconfig"; sourceTree = "<group>"; };
		4E71BDB71CA9A6E000725B30 /* iOS-Framework.xcconfig */ = {isa = PBXFileReference; lastKnownFileType = text.xcconfig; path = "iOS-Framework.xcconfig"; sourceTree = "<group>"; };
		4E71BDB81CA9A6E000725B30 /* iOS-StaticLibrary.xcconfig */ = {isa = PBXFileReference; lastKnownFileType = text.xcconfig; path = "iOS-StaticLibrary.xcconfig"; sourceTree = "<group>"; };
		4E71BDBA1CA9A6E000725B30 /* Mac-Application.xcconfig */ = {isa = PBXFileReference; lastKnownFileType = text.xcconfig; path = "Mac-Application.xcconfig"; sourceTree = "<group>"; };
		4E71BDBB1CA9A6E000725B30 /* Mac-Base.xcconfig */ = {isa = PBXFileReference; lastKnownFileType = text.xcconfig; path = "Mac-Base.xcconfig"; sourceTree = "<group>"; };
		4E71BDBC1CA9A6E000725B30 /* Mac-DynamicLibrary.xcconfig */ = {isa = PBXFileReference; lastKnownFileType = text.xcconfig; path = "Mac-DynamicLibrary.xcconfig"; sourceTree = "<group>"; };
		4E71BDBD1CA9A6E000725B30 /* Mac-Framework.xcconfig */ = {isa = PBXFileReference; lastKnownFileType = text.xcconfig; path = "Mac-Framework.xcconfig"; sourceTree = "<group>"; };
		4E71BDBE1CA9A6E000725B30 /* Mac-StaticLibrary.xcconfig */ = {isa = PBXFileReference; lastKnownFileType = text.xcconfig; path = "Mac-StaticLibrary.xcconfig"; sourceTree = "<group>"; };
		4E71BDBF1CA9A6E000725B30 /* README.md */ = {isa = PBXFileReference; lastKnownFileType = net.daringfireball.markdown; path = README.md; sourceTree = "<group>"; };
		4E71BDC11CA9A6E000725B30 /* tvOS-Application.xcconfig */ = {isa = PBXFileReference; lastKnownFileType = text.xcconfig; path = "tvOS-Application.xcconfig"; sourceTree = "<group>"; };
		4E71BDC21CA9A6E000725B30 /* tvOS-Base.xcconfig */ = {isa = PBXFileReference; lastKnownFileType = text.xcconfig; path = "tvOS-Base.xcconfig"; sourceTree = "<group>"; };
		4E71BDC31CA9A6E000725B30 /* tvOS-Framework.xcconfig */ = {isa = PBXFileReference; lastKnownFileType = text.xcconfig; path = "tvOS-Framework.xcconfig"; sourceTree = "<group>"; };
		4E71BDC41CA9A6E000725B30 /* tvOS-StaticLibrary.xcconfig */ = {isa = PBXFileReference; lastKnownFileType = text.xcconfig; path = "tvOS-StaticLibrary.xcconfig"; sourceTree = "<group>"; };
		4E71BDC61CA9A6E000725B30 /* watchOS-Application.xcconfig */ = {isa = PBXFileReference; lastKnownFileType = text.xcconfig; path = "watchOS-Application.xcconfig"; sourceTree = "<group>"; };
		4E71BDC71CA9A6E000725B30 /* watchOS-Base.xcconfig */ = {isa = PBXFileReference; lastKnownFileType = text.xcconfig; path = "watchOS-Base.xcconfig"; sourceTree = "<group>"; };
		4E71BDC81CA9A6E000725B30 /* watchOS-Framework.xcconfig */ = {isa = PBXFileReference; lastKnownFileType = text.xcconfig; path = "watchOS-Framework.xcconfig"; sourceTree = "<group>"; };
		4E71BDC91CA9A6E000725B30 /* watchOS-StaticLibrary.xcconfig */ = {isa = PBXFileReference; lastKnownFileType = text.xcconfig; path = "watchOS-StaticLibrary.xcconfig"; sourceTree = "<group>"; };
		4E76DD511BF392B3008D2FF3 /* Iris.framework */ = {isa = PBXFileReference; explicitFileType = wrapper.framework; includeInIndex = 0; path = Iris.framework; sourceTree = BUILT_PRODUCTS_DIR; };
		4E76DD541BF392B3008D2FF3 /* Iris.h */ = {isa = PBXFileReference; lastKnownFileType = sourcecode.c.h; path = Iris.h; sourceTree = "<group>"; };
		4E76DD561BF392B3008D2FF3 /* Info.plist */ = {isa = PBXFileReference; lastKnownFileType = text.plist.xml; path = Info.plist; sourceTree = "<group>"; };
		4E76DD5B1BF392B3008D2FF3 /* Iris-iOS-Tests.xctest */ = {isa = PBXFileReference; explicitFileType = wrapper.cfbundle; includeInIndex = 0; path = "Iris-iOS-Tests.xctest"; sourceTree = BUILT_PRODUCTS_DIR; };
		4E76DD621BF392B3008D2FF3 /* Info.plist */ = {isa = PBXFileReference; lastKnownFileType = text.plist.xml; path = Info.plist; sourceTree = "<group>"; };
		4E76DD711BF39E3A008D2FF3 /* ImageOptions.swift */ = {isa = PBXFileReference; fileEncoding = 4; lastKnownFileType = sourcecode.swift; lineEnding = 0; path = ImageOptions.swift; sourceTree = "<group>"; xcLanguageSpecificationIdentifier = xcode.lang.swift; };
		4E76DD731BF3A042008D2FF3 /* SigningOptions.swift */ = {isa = PBXFileReference; fileEncoding = 4; lastKnownFileType = sourcecode.swift; path = SigningOptions.swift; sourceTree = "<group>"; };
		4E76DD751BF3A10E008D2FF3 /* NSURL+Iris.swift */ = {isa = PBXFileReference; fileEncoding = 4; lastKnownFileType = sourcecode.swift; path = "NSURL+Iris.swift"; sourceTree = "<group>"; };
		4E76DD791BF3A361008D2FF3 /* NSString+MD5.h */ = {isa = PBXFileReference; fileEncoding = 4; lastKnownFileType = sourcecode.c.h; path = "NSString+MD5.h"; sourceTree = "<group>"; };
		4E76DD7A1BF3A361008D2FF3 /* NSString+MD5.m */ = {isa = PBXFileReference; fileEncoding = 4; lastKnownFileType = sourcecode.c.objc; path = "NSString+MD5.m"; sourceTree = "<group>"; };
		4E76DD821BF4E2B8008D2FF3 /* ImageOptionsTests.swift */ = {isa = PBXFileReference; fileEncoding = 4; lastKnownFileType = sourcecode.swift; path = ImageOptionsTests.swift; sourceTree = "<group>"; };
		4E76DD841BF4E319008D2FF3 /* ImgixURLTests.swift */ = {isa = PBXFileReference; fileEncoding = 4; lastKnownFileType = sourcecode.swift; path = ImgixURLTests.swift; sourceTree = "<group>"; };
		4EB6DF261E3FE6980090B4D9 /* ImageOptionKey.swift */ = {isa = PBXFileReference; fileEncoding = 4; lastKnownFileType = sourcecode.swift; path = ImageOptionKey.swift; sourceTree = "<group>"; };
/* End PBXFileReference section */

/* Begin PBXFrameworksBuildPhase section */
		3A807DCE1BF50B5E0083685D /* Frameworks */ = {
			isa = PBXFrameworksBuildPhase;
			buildActionMask = 2147483647;
			files = (
			);
			runOnlyForDeploymentPostprocessing = 0;
		};
		3A807DD81BF50B5E0083685D /* Frameworks */ = {
			isa = PBXFrameworksBuildPhase;
			buildActionMask = 2147483647;
			files = (
				3A807DDC1BF50B5E0083685D /* Iris.framework in Frameworks */,
			);
			runOnlyForDeploymentPostprocessing = 0;
		};
		3A807DEA1BF50B690083685D /* Frameworks */ = {
			isa = PBXFrameworksBuildPhase;
			buildActionMask = 2147483647;
			files = (
			);
			runOnlyForDeploymentPostprocessing = 0;
		};
		3A807DF41BF50B6A0083685D /* Frameworks */ = {
			isa = PBXFrameworksBuildPhase;
			buildActionMask = 2147483647;
			files = (
				3A807DF81BF50B6A0083685D /* Iris.framework in Frameworks */,
			);
			runOnlyForDeploymentPostprocessing = 0;
		};
		4E76DD4D1BF392B3008D2FF3 /* Frameworks */ = {
			isa = PBXFrameworksBuildPhase;
			buildActionMask = 2147483647;
			files = (
			);
			runOnlyForDeploymentPostprocessing = 0;
		};
		4E76DD581BF392B3008D2FF3 /* Frameworks */ = {
			isa = PBXFrameworksBuildPhase;
			buildActionMask = 2147483647;
			files = (
				4E76DD5C1BF392B3008D2FF3 /* Iris.framework in Frameworks */,
			);
			runOnlyForDeploymentPostprocessing = 0;
		};
/* End PBXFrameworksBuildPhase section */

/* Begin PBXGroup section */
		3A807E051BF50BE30083685D /* macOS */ = {
			isa = PBXGroup;
			children = (
				3A807E061BF50BE30083685D /* Info.plist */,
			);
			path = macOS;
			sourceTree = "<group>";
		};
		3A807E071BF50BEB0083685D /* tvOS */ = {
			isa = PBXGroup;
			children = (
				3A807E081BF50BEB0083685D /* Info.plist */,
			);
			path = tvOS;
			sourceTree = "<group>";
		};
		3A807E091BF50C030083685D /* macOS */ = {
			isa = PBXGroup;
			children = (
				3A807E0B1BF50C030083685D /* Iris.h */,
				3A807E0A1BF50C030083685D /* Info.plist */,
			);
			path = macOS;
			sourceTree = "<group>";
		};
		3A807E0C1BF50C030083685D /* tvOS */ = {
			isa = PBXGroup;
			children = (
				3A807E0E1BF50C030083685D /* Iris.h */,
				3A807E0D1BF50C030083685D /* Info.plist */,
			);
			path = tvOS;
			sourceTree = "<group>";
		};
		4E71BDA51CA9A6E000725B30 /* Configuration */ = {
			isa = PBXGroup;
			children = (
				4E71BDA61CA9A6E000725B30 /* .gitignore */,
				4E71BDA71CA9A6E000725B30 /* Base */,
				4E71BDB21CA9A6E000725B30 /* Carthage */,
				4E71BDB41CA9A6E000725B30 /* iOS */,
				4E71BDB91CA9A6E000725B30 /* Mac OS X */,
				4E71BDBF1CA9A6E000725B30 /* README.md */,
				4E71BDC01CA9A6E000725B30 /* tvOS */,
				4E71BDC51CA9A6E000725B30 /* watchOS */,
			);
			name = Configuration;
			path = Carthage/Checkouts/xcconfigs;
			sourceTree = "<group>";
		};
		4E71BDA71CA9A6E000725B30 /* Base */ = {
			isa = PBXGroup;
			children = (
				4E71BDA81CA9A6E000725B30 /* Common.xcconfig */,
				4E71BDA91CA9A6E000725B30 /* Configurations */,
				4E71BDAE1CA9A6E000725B30 /* Targets */,
			);
			path = Base;
			sourceTree = "<group>";
		};
		4E71BDA91CA9A6E000725B30 /* Configurations */ = {
			isa = PBXGroup;
			children = (
				4E71BDAA1CA9A6E000725B30 /* Debug.xcconfig */,
				4E71BDAB1CA9A6E000725B30 /* Profile.xcconfig */,
				4E71BDAC1CA9A6E000725B30 /* Release.xcconfig */,
				4E71BDAD1CA9A6E000725B30 /* Test.xcconfig */,
			);
			path = Configurations;
			sourceTree = "<group>";
		};
		4E71BDAE1CA9A6E000725B30 /* Targets */ = {
			isa = PBXGroup;
			children = (
				4E71BDAF1CA9A6E000725B30 /* Application.xcconfig */,
				4E71BDB01CA9A6E000725B30 /* Framework.xcconfig */,
				4E71BDB11CA9A6E000725B30 /* StaticLibrary.xcconfig */,
			);
			path = Targets;
			sourceTree = "<group>";
		};
		4E71BDB21CA9A6E000725B30 /* Carthage */ = {
			isa = PBXGroup;
			children = (
				4E71BDB31CA9A6E000725B30 /* Build */,
			);
			path = Carthage;
			sourceTree = "<group>";
		};
		4E71BDB31CA9A6E000725B30 /* Build */ = {
			isa = PBXGroup;
			children = (
			);
			path = Build;
			sourceTree = "<group>";
		};
		4E71BDB41CA9A6E000725B30 /* iOS */ = {
			isa = PBXGroup;
			children = (
				4E71BDB51CA9A6E000725B30 /* iOS-Application.xcconfig */,
				4E71BDB61CA9A6E000725B30 /* iOS-Base.xcconfig */,
				4E71BDB71CA9A6E000725B30 /* iOS-Framework.xcconfig */,
				4E71BDB81CA9A6E000725B30 /* iOS-StaticLibrary.xcconfig */,
			);
			path = iOS;
			sourceTree = "<group>";
		};
		4E71BDB91CA9A6E000725B30 /* Mac OS X */ = {
			isa = PBXGroup;
			children = (
				4E71BDBA1CA9A6E000725B30 /* Mac-Application.xcconfig */,
				4E71BDBB1CA9A6E000725B30 /* Mac-Base.xcconfig */,
				4E71BDBC1CA9A6E000725B30 /* Mac-DynamicLibrary.xcconfig */,
				4E71BDBD1CA9A6E000725B30 /* Mac-Framework.xcconfig */,
				4E71BDBE1CA9A6E000725B30 /* Mac-StaticLibrary.xcconfig */,
			);
			path = "Mac OS X";
			sourceTree = "<group>";
		};
		4E71BDC01CA9A6E000725B30 /* tvOS */ = {
			isa = PBXGroup;
			children = (
				4E71BDC11CA9A6E000725B30 /* tvOS-Application.xcconfig */,
				4E71BDC21CA9A6E000725B30 /* tvOS-Base.xcconfig */,
				4E71BDC31CA9A6E000725B30 /* tvOS-Framework.xcconfig */,
				4E71BDC41CA9A6E000725B30 /* tvOS-StaticLibrary.xcconfig */,
			);
			path = tvOS;
			sourceTree = "<group>";
		};
		4E71BDC51CA9A6E000725B30 /* watchOS */ = {
			isa = PBXGroup;
			children = (
				4E71BDC61CA9A6E000725B30 /* watchOS-Application.xcconfig */,
				4E71BDC71CA9A6E000725B30 /* watchOS-Base.xcconfig */,
				4E71BDC81CA9A6E000725B30 /* watchOS-Framework.xcconfig */,
				4E71BDC91CA9A6E000725B30 /* watchOS-StaticLibrary.xcconfig */,
			);
			path = watchOS;
			sourceTree = "<group>";
		};
		4E76DD471BF392B3008D2FF3 = {
			isa = PBXGroup;
			children = (
				4E76DD531BF392B3008D2FF3 /* Iris */,
				4E76DD5F1BF392B3008D2FF3 /* Tests */,
				4E71BDA51CA9A6E000725B30 /* Configuration */,
				4E76DD521BF392B3008D2FF3 /* Products */,
			);
			sourceTree = "<group>";
		};
		4E76DD521BF392B3008D2FF3 /* Products */ = {
			isa = PBXGroup;
			children = (
				4E76DD511BF392B3008D2FF3 /* Iris.framework */,
				4E76DD5B1BF392B3008D2FF3 /* Iris-iOS-Tests.xctest */,
				3A807DD21BF50B5E0083685D /* Iris.framework */,
				3A807DDB1BF50B5E0083685D /* Iris-tvOS-Tests.xctest */,
				3A807DEE1BF50B690083685D /* Iris.framework */,
				3A807DF71BF50B6A0083685D /* Iris-macOS-Tests.xctest */,
			);
			name = Products;
			sourceTree = "<group>";
		};
		4E76DD531BF392B3008D2FF3 /* Iris */ = {
			isa = PBXGroup;
			children = (
				4E76DD711BF39E3A008D2FF3 /* ImageOptions.swift */,
				4EB6DF261E3FE6980090B4D9 /* ImageOptionKey.swift */,
				4E76DD731BF3A042008D2FF3 /* SigningOptions.swift */,
				4E76DD751BF3A10E008D2FF3 /* NSURL+Iris.swift */,
				4E76DD791BF3A361008D2FF3 /* NSString+MD5.h */,
				4E76DD7A1BF3A361008D2FF3 /* NSString+MD5.m */,
				3BB8CBC21DB8112F001496EB /* Comparable.swift */,
				3B4FBD621E25343500042254 /* UIColor.swift */,
				3B4FBD691E2535DC00042254 /* NSColor.swift */,
				3B4FBD6B1E25404D00042254 /* Deprecated.swift */,
				4E76DD6B1BF39430008D2FF3 /* Platforms */,
			);
			path = Iris;
			sourceTree = "<group>";
		};
		4E76DD5F1BF392B3008D2FF3 /* Tests */ = {
			isa = PBXGroup;
			children = (
				4E76DD841BF4E319008D2FF3 /* ImgixURLTests.swift */,
				4E76DD821BF4E2B8008D2FF3 /* ImageOptionsTests.swift */,
				4E0E1B181BF507B7002943D0 /* SigningOptionsTests.swift */,
				4E76DD6D1BF3950F008D2FF3 /* Platforms */,
			);
			path = Tests;
			sourceTree = "<group>";
		};
		4E76DD6B1BF39430008D2FF3 /* Platforms */ = {
			isa = PBXGroup;
			children = (
				4E76DD6C1BF39464008D2FF3 /* iOS */,
				3A807E0C1BF50C030083685D /* tvOS */,
				3A807E091BF50C030083685D /* macOS */,
			);
			path = Platforms;
			sourceTree = "<group>";
		};
		4E76DD6C1BF39464008D2FF3 /* iOS */ = {
			isa = PBXGroup;
			children = (
				4E76DD541BF392B3008D2FF3 /* Iris.h */,
				4E76DD561BF392B3008D2FF3 /* Info.plist */,
			);
			path = iOS;
			sourceTree = "<group>";
		};
		4E76DD6D1BF3950F008D2FF3 /* Platforms */ = {
			isa = PBXGroup;
			children = (
				4E76DD6E1BF39515008D2FF3 /* iOS */,
				3A807E071BF50BEB0083685D /* tvOS */,
				3A807E051BF50BE30083685D /* macOS */,
			);
			path = Platforms;
			sourceTree = "<group>";
		};
		4E76DD6E1BF39515008D2FF3 /* iOS */ = {
			isa = PBXGroup;
			children = (
				4E76DD621BF392B3008D2FF3 /* Info.plist */,
			);
			path = iOS;
			sourceTree = "<group>";
		};
/* End PBXGroup section */

/* Begin PBXHeadersBuildPhase section */
		3A807DCF1BF50B5E0083685D /* Headers */ = {
			isa = PBXHeadersBuildPhase;
			buildActionMask = 2147483647;
			files = (
				3A807E0F1BF50C350083685D /* Iris.h in Headers */,
				3A807E1B1BF50C4F0083685D /* NSString+MD5.h in Headers */,
			);
			runOnlyForDeploymentPostprocessing = 0;
		};
		3A807DEB1BF50B690083685D /* Headers */ = {
			isa = PBXHeadersBuildPhase;
			buildActionMask = 2147483647;
			files = (
				3A807E1C1BF50C500083685D /* NSString+MD5.h in Headers */,
				3A807E231BF50CF10083685D /* Iris.h in Headers */,
			);
			runOnlyForDeploymentPostprocessing = 0;
		};
		4E76DD4E1BF392B3008D2FF3 /* Headers */ = {
			isa = PBXHeadersBuildPhase;
			buildActionMask = 2147483647;
			files = (
				4E76DD551BF392B3008D2FF3 /* Iris.h in Headers */,
				4E76DD7B1BF3A361008D2FF3 /* NSString+MD5.h in Headers */,
			);
			runOnlyForDeploymentPostprocessing = 0;
		};
/* End PBXHeadersBuildPhase section */

/* Begin PBXNativeTarget section */
		3A807DD11BF50B5E0083685D /* Iris-tvOS */ = {
			isa = PBXNativeTarget;
			buildConfigurationList = 3A807DE71BF50B5E0083685D /* Build configuration list for PBXNativeTarget "Iris-tvOS" */;
			buildPhases = (
				3A807DCD1BF50B5E0083685D /* Sources */,
				3A807DCE1BF50B5E0083685D /* Frameworks */,
				3A807DCF1BF50B5E0083685D /* Headers */,
				3A807DD01BF50B5E0083685D /* Resources */,
			);
			buildRules = (
			);
			dependencies = (
			);
			name = "Iris-tvOS";
			productName = "Iris tvOS";
			productReference = 3A807DD21BF50B5E0083685D /* Iris.framework */;
			productType = "com.apple.product-type.framework";
		};
		3A807DDA1BF50B5E0083685D /* Iris-tvOS-Tests */ = {
			isa = PBXNativeTarget;
			buildConfigurationList = 3A807DE81BF50B5E0083685D /* Build configuration list for PBXNativeTarget "Iris-tvOS-Tests" */;
			buildPhases = (
				3A807DD71BF50B5E0083685D /* Sources */,
				3A807DD81BF50B5E0083685D /* Frameworks */,
				3A807DD91BF50B5E0083685D /* Resources */,
			);
			buildRules = (
			);
			dependencies = (
				3A807DDE1BF50B5E0083685D /* PBXTargetDependency */,
			);
			name = "Iris-tvOS-Tests";
			productName = "Iris tvOSTests";
			productReference = 3A807DDB1BF50B5E0083685D /* Iris-tvOS-Tests.xctest */;
			productType = "com.apple.product-type.bundle.unit-test";
		};
		3A807DED1BF50B690083685D /* Iris-macOS */ = {
			isa = PBXNativeTarget;
			buildConfigurationList = 3A807DFF1BF50B6A0083685D /* Build configuration list for PBXNativeTarget "Iris-macOS" */;
			buildPhases = (
				3A807DE91BF50B690083685D /* Sources */,
				3A807DEA1BF50B690083685D /* Frameworks */,
				3A807DEB1BF50B690083685D /* Headers */,
				3A807DEC1BF50B690083685D /* Resources */,
			);
			buildRules = (
			);
			dependencies = (
			);
			name = "Iris-macOS";
			productName = "Iris macOS";
			productReference = 3A807DEE1BF50B690083685D /* Iris.framework */;
			productType = "com.apple.product-type.framework";
		};
		3A807DF61BF50B6A0083685D /* Iris-macOS-Tests */ = {
			isa = PBXNativeTarget;
			buildConfigurationList = 3A807E021BF50B6A0083685D /* Build configuration list for PBXNativeTarget "Iris-macOS-Tests" */;
			buildPhases = (
				3A807DF31BF50B6A0083685D /* Sources */,
				3A807DF41BF50B6A0083685D /* Frameworks */,
				3A807DF51BF50B6A0083685D /* Resources */,
			);
			buildRules = (
			);
			dependencies = (
				3A807DFA1BF50B6A0083685D /* PBXTargetDependency */,
			);
			name = "Iris-macOS-Tests";
			productName = "Iris macOSTests";
			productReference = 3A807DF71BF50B6A0083685D /* Iris-macOS-Tests.xctest */;
			productType = "com.apple.product-type.bundle.unit-test";
		};
		4E76DD501BF392B3008D2FF3 /* Iris-iOS */ = {
			isa = PBXNativeTarget;
			buildConfigurationList = 4E76DD651BF392B3008D2FF3 /* Build configuration list for PBXNativeTarget "Iris-iOS" */;
			buildPhases = (
				4E76DD4C1BF392B3008D2FF3 /* Sources */,
				4E76DD4D1BF392B3008D2FF3 /* Frameworks */,
				4E76DD4E1BF392B3008D2FF3 /* Headers */,
				4E76DD4F1BF392B3008D2FF3 /* Resources */,
			);
			buildRules = (
			);
			dependencies = (
			);
			name = "Iris-iOS";
			productName = Iris;
			productReference = 4E76DD511BF392B3008D2FF3 /* Iris.framework */;
			productType = "com.apple.product-type.framework";
		};
		4E76DD5A1BF392B3008D2FF3 /* Iris-iOS-Tests */ = {
			isa = PBXNativeTarget;
			buildConfigurationList = 4E76DD681BF392B3008D2FF3 /* Build configuration list for PBXNativeTarget "Iris-iOS-Tests" */;
			buildPhases = (
				4E76DD571BF392B3008D2FF3 /* Sources */,
				4E76DD581BF392B3008D2FF3 /* Frameworks */,
				4E76DD591BF392B3008D2FF3 /* Resources */,
			);
			buildRules = (
			);
			dependencies = (
				4E76DD5E1BF392B3008D2FF3 /* PBXTargetDependency */,
			);
			name = "Iris-iOS-Tests";
			productName = IrisTests;
			productReference = 4E76DD5B1BF392B3008D2FF3 /* Iris-iOS-Tests.xctest */;
			productType = "com.apple.product-type.bundle.unit-test";
		};
/* End PBXNativeTarget section */

/* Begin PBXProject section */
		4E76DD481BF392B3008D2FF3 /* Project object */ = {
			isa = PBXProject;
			attributes = {
				LastSwiftUpdateCheck = 0710;
				LastUpgradeCheck = 0900;
				ORGANIZATIONNAME = HODINKEE;
				TargetAttributes = {
					3A807DD11BF50B5E0083685D = {
						CreatedOnToolsVersion = 7.1.1;
						LastSwiftMigration = 0900;
						ProvisioningStyle = Manual;
					};
					3A807DDA1BF50B5E0083685D = {
						CreatedOnToolsVersion = 7.1.1;
						LastSwiftMigration = 0900;
						ProvisioningStyle = Manual;
					};
					3A807DED1BF50B690083685D = {
						CreatedOnToolsVersion = 7.1.1;
						LastSwiftMigration = 0900;
					};
					3A807DF61BF50B6A0083685D = {
						CreatedOnToolsVersion = 7.1.1;
						LastSwiftMigration = 0900;
					};
					4E76DD501BF392B3008D2FF3 = {
						CreatedOnToolsVersion = 7.1.1;
						LastSwiftMigration = 0900;
						ProvisioningStyle = Manual;
					};
					4E76DD5A1BF392B3008D2FF3 = {
						CreatedOnToolsVersion = 7.1.1;
						LastSwiftMigration = 0900;
						ProvisioningStyle = Manual;
					};
				};
			};
			buildConfigurationList = 4E76DD4B1BF392B3008D2FF3 /* Build configuration list for PBXProject "Iris" */;
			compatibilityVersion = "Xcode 3.2";
			developmentRegion = English;
			hasScannedForEncodings = 0;
			knownRegions = (
				en,
			);
			mainGroup = 4E76DD471BF392B3008D2FF3;
			productRefGroup = 4E76DD521BF392B3008D2FF3 /* Products */;
			projectDirPath = "";
			projectRoot = "";
			targets = (
				4E76DD501BF392B3008D2FF3 /* Iris-iOS */,
				4E76DD5A1BF392B3008D2FF3 /* Iris-iOS-Tests */,
				3A807DD11BF50B5E0083685D /* Iris-tvOS */,
				3A807DDA1BF50B5E0083685D /* Iris-tvOS-Tests */,
				3A807DED1BF50B690083685D /* Iris-macOS */,
				3A807DF61BF50B6A0083685D /* Iris-macOS-Tests */,
			);
		};
/* End PBXProject section */

/* Begin PBXResourcesBuildPhase section */
		3A807DD01BF50B5E0083685D /* Resources */ = {
			isa = PBXResourcesBuildPhase;
			buildActionMask = 2147483647;
			files = (
			);
			runOnlyForDeploymentPostprocessing = 0;
		};
		3A807DD91BF50B5E0083685D /* Resources */ = {
			isa = PBXResourcesBuildPhase;
			buildActionMask = 2147483647;
			files = (
			);
			runOnlyForDeploymentPostprocessing = 0;
		};
		3A807DEC1BF50B690083685D /* Resources */ = {
			isa = PBXResourcesBuildPhase;
			buildActionMask = 2147483647;
			files = (
			);
			runOnlyForDeploymentPostprocessing = 0;
		};
		3A807DF51BF50B6A0083685D /* Resources */ = {
			isa = PBXResourcesBuildPhase;
			buildActionMask = 2147483647;
			files = (
			);
			runOnlyForDeploymentPostprocessing = 0;
		};
		4E76DD4F1BF392B3008D2FF3 /* Resources */ = {
			isa = PBXResourcesBuildPhase;
			buildActionMask = 2147483647;
			files = (
			);
			runOnlyForDeploymentPostprocessing = 0;
		};
		4E76DD591BF392B3008D2FF3 /* Resources */ = {
			isa = PBXResourcesBuildPhase;
			buildActionMask = 2147483647;
			files = (
			);
			runOnlyForDeploymentPostprocessing = 0;
		};
/* End PBXResourcesBuildPhase section */

/* Begin PBXSourcesBuildPhase section */
		3A807DCD1BF50B5E0083685D /* Sources */ = {
			isa = PBXSourcesBuildPhase;
			buildActionMask = 2147483647;
			files = (
				3A807E151BF50C4A0083685D /* NSString+MD5.m in Sources */,
				3B4FBD641E25343500042254 /* UIColor.swift in Sources */,
				3A807E121BF50C4A0083685D /* ImageOptions.swift in Sources */,
				4EB6DF281E3FE6980090B4D9 /* ImageOptionKey.swift in Sources */,
				3B074B7E1E4000E400273EDC /* NSColor.swift in Sources */,
				3A807E141BF50C4A0083685D /* NSURL+Iris.swift in Sources */,
				3BAC16021DB91250007A9CDD /* Comparable.swift in Sources */,
				3A807E131BF50C4A0083685D /* SigningOptions.swift in Sources */,
				3B4FBD6D1E25404D00042254 /* Deprecated.swift in Sources */,
			);
			runOnlyForDeploymentPostprocessing = 0;
		};
		3A807DD71BF50B5E0083685D /* Sources */ = {
			isa = PBXSourcesBuildPhase;
			buildActionMask = 2147483647;
			files = (
				3A807E1E1BF50C570083685D /* ImageOptionsTests.swift in Sources */,
				3A807E1F1BF50C570083685D /* SigningOptionsTests.swift in Sources */,
				3A807E1D1BF50C570083685D /* ImgixURLTests.swift in Sources */,
			);
			runOnlyForDeploymentPostprocessing = 0;
		};
		3A807DE91BF50B690083685D /* Sources */ = {
			isa = PBXSourcesBuildPhase;
			buildActionMask = 2147483647;
			files = (
				3B4FBD6A1E2535DC00042254 /* NSColor.swift in Sources */,
				3A807E1A1BF50C4B0083685D /* NSString+MD5.m in Sources */,
				3A807E171BF50C4B0083685D /* ImageOptions.swift in Sources */,
				4EB6DF291E3FE6980090B4D9 /* ImageOptionKey.swift in Sources */,
				3A807E191BF50C4B0083685D /* NSURL+Iris.swift in Sources */,
				3BAC16031DB91250007A9CDD /* Comparable.swift in Sources */,
				3A807E181BF50C4B0083685D /* SigningOptions.swift in Sources */,
				3B4FBD6E1E25404D00042254 /* Deprecated.swift in Sources */,
			);
			runOnlyForDeploymentPostprocessing = 0;
		};
		3A807DF31BF50B6A0083685D /* Sources */ = {
			isa = PBXSourcesBuildPhase;
			buildActionMask = 2147483647;
			files = (
				3A807E211BF50C580083685D /* ImageOptionsTests.swift in Sources */,
				3A807E221BF50C580083685D /* SigningOptionsTests.swift in Sources */,
				3A807E201BF50C580083685D /* ImgixURLTests.swift in Sources */,
			);
			runOnlyForDeploymentPostprocessing = 0;
		};
		4E76DD4C1BF392B3008D2FF3 /* Sources */ = {
			isa = PBXSourcesBuildPhase;
			buildActionMask = 2147483647;
			files = (
				4E76DD741BF3A042008D2FF3 /* SigningOptions.swift in Sources */,
				3B4FBD631E25343500042254 /* UIColor.swift in Sources */,
				4E76DD761BF3A10E008D2FF3 /* NSURL+Iris.swift in Sources */,
				4EB6DF271E3FE6980090B4D9 /* ImageOptionKey.swift in Sources */,
				3B074B7F1E4000E500273EDC /* NSColor.swift in Sources */,
				3BB8CBC31DB8112F001496EB /* Comparable.swift in Sources */,
				4E76DD7C1BF3A361008D2FF3 /* NSString+MD5.m in Sources */,
				4E76DD721BF39E3A008D2FF3 /* ImageOptions.swift in Sources */,
				3B4FBD6C1E25404D00042254 /* Deprecated.swift in Sources */,
			);
			runOnlyForDeploymentPostprocessing = 0;
		};
		4E76DD571BF392B3008D2FF3 /* Sources */ = {
			isa = PBXSourcesBuildPhase;
			buildActionMask = 2147483647;
			files = (
				4E76DD831BF4E2B8008D2FF3 /* ImageOptionsTests.swift in Sources */,
				4E0E1B1A1BF507D5002943D0 /* SigningOptionsTests.swift in Sources */,
				4E76DD851BF4E319008D2FF3 /* ImgixURLTests.swift in Sources */,
			);
			runOnlyForDeploymentPostprocessing = 0;
		};
/* End PBXSourcesBuildPhase section */

/* Begin PBXTargetDependency section */
		3A807DDE1BF50B5E0083685D /* PBXTargetDependency */ = {
			isa = PBXTargetDependency;
			target = 3A807DD11BF50B5E0083685D /* Iris-tvOS */;
			targetProxy = 3A807DDD1BF50B5E0083685D /* PBXContainerItemProxy */;
		};
		3A807DFA1BF50B6A0083685D /* PBXTargetDependency */ = {
			isa = PBXTargetDependency;
			target = 3A807DED1BF50B690083685D /* Iris-macOS */;
			targetProxy = 3A807DF91BF50B6A0083685D /* PBXContainerItemProxy */;
		};
		4E76DD5E1BF392B3008D2FF3 /* PBXTargetDependency */ = {
			isa = PBXTargetDependency;
			target = 4E76DD501BF392B3008D2FF3 /* Iris-iOS */;
			targetProxy = 4E76DD5D1BF392B3008D2FF3 /* PBXContainerItemProxy */;
		};
/* End PBXTargetDependency section */

/* Begin XCBuildConfiguration section */
		3A807DE31BF50B5E0083685D /* Debug */ = {
			isa = XCBuildConfiguration;
			baseConfigurationReference = 4E71BDC31CA9A6E000725B30 /* tvOS-Framework.xcconfig */;
			buildSettings = {
				DYLIB_COMPATIBILITY_VERSION = 1;
				DYLIB_CURRENT_VERSION = 13;
				INFOPLIST_FILE = Iris/Platforms/tvOS/Info.plist;
				PRODUCT_BUNDLE_IDENTIFIER = com.hodinkee.Iris;
				PRODUCT_NAME = Iris;
				SWIFT_VERSION = 4.0;
			};
			name = Debug;
		};
		3A807DE41BF50B5E0083685D /* Release */ = {
			isa = XCBuildConfiguration;
			baseConfigurationReference = 4E71BDC31CA9A6E000725B30 /* tvOS-Framework.xcconfig */;
			buildSettings = {
				DYLIB_COMPATIBILITY_VERSION = 1;
				DYLIB_CURRENT_VERSION = 13;
				INFOPLIST_FILE = Iris/Platforms/tvOS/Info.plist;
				PRODUCT_BUNDLE_IDENTIFIER = com.hodinkee.Iris;
				PRODUCT_NAME = Iris;
				SWIFT_VERSION = 4.0;
			};
			name = Release;
		};
		3A807DE51BF50B5E0083685D /* Debug */ = {
			isa = XCBuildConfiguration;
			baseConfigurationReference = 4E71BDC11CA9A6E000725B30 /* tvOS-Application.xcconfig */;
			buildSettings = {
				INFOPLIST_FILE = Tests/Platforms/tvOS/Info.plist;
				PRODUCT_BUNDLE_IDENTIFIER = "com.hodinkee.Iris-tvOSTests";
				PRODUCT_NAME = "$(TARGET_NAME)";
				SWIFT_VERSION = 4.0;
			};
			name = Debug;
		};
		3A807DE61BF50B5E0083685D /* Release */ = {
			isa = XCBuildConfiguration;
			baseConfigurationReference = 4E71BDC11CA9A6E000725B30 /* tvOS-Application.xcconfig */;
			buildSettings = {
				INFOPLIST_FILE = Tests/Platforms/tvOS/Info.plist;
				PRODUCT_BUNDLE_IDENTIFIER = "com.hodinkee.Iris-tvOSTests";
				PRODUCT_NAME = "$(TARGET_NAME)";
				SWIFT_VERSION = 4.0;
			};
			name = Release;
		};
		3A807E001BF50B6A0083685D /* Debug */ = {
			isa = XCBuildConfiguration;
			baseConfigurationReference = 4E71BDBD1CA9A6E000725B30 /* Mac-Framework.xcconfig */;
			buildSettings = {
				DYLIB_COMPATIBILITY_VERSION = 1;
				DYLIB_CURRENT_VERSION = 13;
				FRAMEWORK_VERSION = A;
				INFOPLIST_FILE = Iris/Platforms/macOS/Info.plist;
				PRODUCT_BUNDLE_IDENTIFIER = com.hodinkee.Iris;
				PRODUCT_NAME = Iris;
				SWIFT_VERSION = 4.0;
			};
			name = Debug;
		};
		3A807E011BF50B6A0083685D /* Release */ = {
			isa = XCBuildConfiguration;
			baseConfigurationReference = 4E71BDBD1CA9A6E000725B30 /* Mac-Framework.xcconfig */;
			buildSettings = {
				DYLIB_COMPATIBILITY_VERSION = 1;
				DYLIB_CURRENT_VERSION = 13;
				FRAMEWORK_VERSION = A;
				INFOPLIST_FILE = Iris/Platforms/macOS/Info.plist;
				PRODUCT_BUNDLE_IDENTIFIER = com.hodinkee.Iris;
				PRODUCT_NAME = Iris;
				SWIFT_VERSION = 4.0;
			};
			name = Release;
		};
		3A807E031BF50B6A0083685D /* Debug */ = {
			isa = XCBuildConfiguration;
			baseConfigurationReference = 4E71BDBA1CA9A6E000725B30 /* Mac-Application.xcconfig */;
			buildSettings = {
				INFOPLIST_FILE = Tests/Platforms/macOS/Info.plist;
				PRODUCT_BUNDLE_IDENTIFIER = "com.hodinkee.Iris-macOSTests";
				PRODUCT_NAME = "$(TARGET_NAME)";
				SWIFT_VERSION = 4.0;
			};
			name = Debug;
		};
		3A807E041BF50B6A0083685D /* Release */ = {
			isa = XCBuildConfiguration;
			baseConfigurationReference = 4E71BDBA1CA9A6E000725B30 /* Mac-Application.xcconfig */;
			buildSettings = {
				INFOPLIST_FILE = Tests/Platforms/macOS/Info.plist;
				PRODUCT_BUNDLE_IDENTIFIER = "com.hodinkee.Iris-macOSTests";
				PRODUCT_NAME = "$(TARGET_NAME)";
				SWIFT_VERSION = 4.0;
			};
			name = Release;
		};
		4E76DD631BF392B3008D2FF3 /* Debug */ = {
			isa = XCBuildConfiguration;
			baseConfigurationReference = 4E71BDAA1CA9A6E000725B30 /* Debug.xcconfig */;
			buildSettings = {
				CLANG_WARN_BLOCK_CAPTURE_AUTORELEASING = YES;
				CLANG_WARN_COMMA = YES;
				CLANG_WARN_RANGE_LOOP_ANALYSIS = YES;
				CLANG_WARN_STRICT_PROTOTYPES = YES;
				CURRENT_PROJECT_VERSION = 13;
				IPHONEOS_DEPLOYMENT_TARGET = 8.0;
				MACOSX_DEPLOYMENT_TARGET = 10.10;
				TVOS_DEPLOYMENT_TARGET = 9.0;
				VERSIONING_SYSTEM = "apple-generic";
				VERSION_INFO_PREFIX = "";
			};
			name = Debug;
		};
		4E76DD641BF392B3008D2FF3 /* Release */ = {
			isa = XCBuildConfiguration;
			baseConfigurationReference = 4E71BDAC1CA9A6E000725B30 /* Release.xcconfig */;
			buildSettings = {
				CLANG_WARN_BLOCK_CAPTURE_AUTORELEASING = YES;
				CLANG_WARN_COMMA = YES;
				CLANG_WARN_RANGE_LOOP_ANALYSIS = YES;
				CLANG_WARN_STRICT_PROTOTYPES = YES;
				CURRENT_PROJECT_VERSION = 13;
				IPHONEOS_DEPLOYMENT_TARGET = 8.0;
				MACOSX_DEPLOYMENT_TARGET = 10.10;
				TVOS_DEPLOYMENT_TARGET = 9.0;
				VERSIONING_SYSTEM = "apple-generic";
				VERSION_INFO_PREFIX = "";
			};
			name = Release;
		};
		4E76DD661BF392B3008D2FF3 /* Debug */ = {
			isa = XCBuildConfiguration;
			baseConfigurationReference = 4E71BDB71CA9A6E000725B30 /* iOS-Framework.xcconfig */;
			buildSettings = {
				DYLIB_COMPATIBILITY_VERSION = 1;
				DYLIB_CURRENT_VERSION = 13;
				INFOPLIST_FILE = Iris/Platforms/iOS/Info.plist;
				PRODUCT_BUNDLE_IDENTIFIER = com.hodinkee.Iris;
				PRODUCT_NAME = Iris;
				SWIFT_VERSION = 4.0;
			};
			name = Debug;
		};
		4E76DD671BF392B3008D2FF3 /* Release */ = {
			isa = XCBuildConfiguration;
			baseConfigurationReference = 4E71BDB71CA9A6E000725B30 /* iOS-Framework.xcconfig */;
			buildSettings = {
				DYLIB_COMPATIBILITY_VERSION = 1;
				DYLIB_CURRENT_VERSION = 13;
				INFOPLIST_FILE = Iris/Platforms/iOS/Info.plist;
				PRODUCT_BUNDLE_IDENTIFIER = com.hodinkee.Iris;
				PRODUCT_NAME = Iris;
				SWIFT_VERSION = 4.0;
			};
			name = Release;
		};
		4E76DD691BF392B3008D2FF3 /* Debug */ = {
			isa = XCBuildConfiguration;
			baseConfigurationReference = 4E71BDB51CA9A6E000725B30 /* iOS-Application.xcconfig */;
			buildSettings = {
				INFOPLIST_FILE = Tests/Platforms/iOS/Info.plist;
				PRODUCT_BUNDLE_IDENTIFIER = com.hodinkee.IrisTests;
				PRODUCT_NAME = "$(TARGET_NAME)";
				SWIFT_VERSION = 4.0;
			};
			name = Debug;
		};
		4E76DD6A1BF392B3008D2FF3 /* Release */ = {
			isa = XCBuildConfiguration;
			baseConfigurationReference = 4E71BDB51CA9A6E000725B30 /* iOS-Application.xcconfig */;
			buildSettings = {
				INFOPLIST_FILE = Tests/Platforms/iOS/Info.plist;
				PRODUCT_BUNDLE_IDENTIFIER = com.hodinkee.IrisTests;
				PRODUCT_NAME = "$(TARGET_NAME)";
				SWIFT_VERSION = 4.0;
			};
			name = Release;
		};
/* End XCBuildConfiguration section */

/* Begin XCConfigurationList section */
		3A807DE71BF50B5E0083685D /* Build configuration list for PBXNativeTarget "Iris-tvOS" */ = {
			isa = XCConfigurationList;
			buildConfigurations = (
				3A807DE31BF50B5E0083685D /* Debug */,
				3A807DE41BF50B5E0083685D /* Release */,
			);
			defaultConfigurationIsVisible = 0;
			defaultConfigurationName = Release;
		};
		3A807DE81BF50B5E0083685D /* Build configuration list for PBXNativeTarget "Iris-tvOS-Tests" */ = {
			isa = XCConfigurationList;
			buildConfigurations = (
				3A807DE51BF50B5E0083685D /* Debug */,
				3A807DE61BF50B5E0083685D /* Release */,
			);
			defaultConfigurationIsVisible = 0;
			defaultConfigurationName = Release;
		};
		3A807DFF1BF50B6A0083685D /* Build configuration list for PBXNativeTarget "Iris-macOS" */ = {
			isa = XCConfigurationList;
			buildConfigurations = (
				3A807E001BF50B6A0083685D /* Debug */,
				3A807E011BF50B6A0083685D /* Release */,
			);
			defaultConfigurationIsVisible = 0;
			defaultConfigurationName = Release;
		};
		3A807E021BF50B6A0083685D /* Build configuration list for PBXNativeTarget "Iris-macOS-Tests" */ = {
			isa = XCConfigurationList;
			buildConfigurations = (
				3A807E031BF50B6A0083685D /* Debug */,
				3A807E041BF50B6A0083685D /* Release */,
			);
			defaultConfigurationIsVisible = 0;
			defaultConfigurationName = Release;
		};
		4E76DD4B1BF392B3008D2FF3 /* Build configuration list for PBXProject "Iris" */ = {
			isa = XCConfigurationList;
			buildConfigurations = (
				4E76DD631BF392B3008D2FF3 /* Debug */,
				4E76DD641BF392B3008D2FF3 /* Release */,
			);
			defaultConfigurationIsVisible = 0;
			defaultConfigurationName = Release;
		};
		4E76DD651BF392B3008D2FF3 /* Build configuration list for PBXNativeTarget "Iris-iOS" */ = {
			isa = XCConfigurationList;
			buildConfigurations = (
				4E76DD661BF392B3008D2FF3 /* Debug */,
				4E76DD671BF392B3008D2FF3 /* Release */,
			);
			defaultConfigurationIsVisible = 0;
			defaultConfigurationName = Release;
		};
		4E76DD681BF392B3008D2FF3 /* Build configuration list for PBXNativeTarget "Iris-iOS-Tests" */ = {
			isa = XCConfigurationList;
			buildConfigurations = (
				4E76DD691BF392B3008D2FF3 /* Debug */,
				4E76DD6A1BF392B3008D2FF3 /* Release */,
			);
			defaultConfigurationIsVisible = 0;
			defaultConfigurationName = Release;
		};
/* End XCConfigurationList section */
	};
	rootObject = 4E76DD481BF392B3008D2FF3 /* Project object */;
}
